{
    "name": "ae-scripts",
    "version": "1.0.0",
    "lockfileVersion": 3,
    "requires": true,
    "packages": {
        "": {
            "name": "ae-scripts",
            "version": "1.0.0",
            "license": "ISC",
            "dependencies": {
                "types-for-adobe": "^7.0.12",
                "typescript": "^5.2.2"
            }
        },
        "node_modules/types-for-adobe": {
            "version": "7.2.0",
            "resolved": "https://registry.npmjs.org/types-for-adobe/-/types-for-adobe-7.2.0.tgz",
            "integrity": "sha512-dUkunVBLzO5zeghr3HMA+ueNez5TK/FBD0rgePIDGGIqLLkCeCCdSrrET1VKnq/ObEPBjkMLRNC21+yCCEpewg=="
        },
        "node_modules/typescript": {
            "version": "5.4.5",
            "resolved": "https://registry.npmjs.org/typescript/-/typescript-5.4.5.tgz",
            "integrity": "sha512-vcI4UpRgg81oIRUFwR0WSIHKt11nJ7SAVlYNIu+QpqeyXP+gpQJy/Z4+F0aGxSE4MqwjyXvW/TzgkLAx2AGHwQ==",
            "bin": {
                "tsc": "bin/tsc",
                "tsserver": "bin/tsserver"
            },
            "engines": {
                "node": ">=14.17"
            }
        }
    }
}
